
Microsoft Visual Studio Solution File, Format Version 12.00
# Visual Studio Version 17
VisualStudioVersion = 17.13.35913.81 d17.13
MinimumVisualStudioVersion = 10.0.40219.1
Project("{FAE04EC0-301F-11D3-BF4B-00C04F79EFBC}") = "SõnaÜlesanded2", "SõnaÜlesanded2.csproj", "{EFB103B3-3481-4EB8-940A-DBD27A7A0C94}"
EndProject
Global
	GlobalSection(SolutionConfigurationPlatforms) = preSolution
		Debug|Any CPU = Debug|Any CPU
		Release|Any CPU = Release|Any CPU
	EndGlobalSection
	GlobalSection(ProjectConfigurationPlatforms) = postSolution
		{EFB103B3-3481-4EB8-940A-DBD27A7A0C94}.Debug|Any CPU.ActiveCfg = Debug|Any CPU
		{EFB103B3-3481-4EB8-940A-DBD27A7A0C94}.Debug|Any CPU.Build.0 = Debug|Any CPU
		{EFB103B3-3481-4EB8-940A-DBD27A7A0C94}.Release|Any CPU.ActiveCfg = Release|Any CPU
		{EFB103B3-3481-4EB8-940A-DBD27A7A0C94}.Release|Any CPU.Build.0 = Release|Any CPU
	EndGlobalSection
	GlobalSection(SolutionProperties) = preSolution
		HideSolutionNode = FALSE
	EndGlobalSection
	GlobalSection(ExtensibilityGlobals) = postSolution
		SolutionGuid = {335D40F4-BE81-45A9-8B55-700152BD177C}
	EndGlobalSection
EndGlobal
