
Microsoft Visual Studio Solution File, Format Version 12.00
# Visual Studio Version 17
VisualStudioVersion = 17.13.35913.81 d17.13
MinimumVisualStudioVersion = 10.0.40219.1
Project("{FAE04EC0-301F-11D3-BF4B-00C04F79EFBC}") = "SõneÜlesanded", "SõneÜlesanded.csproj", "{9072990A-0AD9-47F1-AC0B-9B9F7DFBEB7F}"
EndProject
Global
	GlobalSection(SolutionConfigurationPlatforms) = preSolution
		Debug|Any CPU = Debug|Any CPU
		Release|Any CPU = Release|Any CPU
	EndGlobalSection
	GlobalSection(ProjectConfigurationPlatforms) = postSolution
		{9072990A-0AD9-47F1-AC0B-9B9F7DFBEB7F}.Debug|Any CPU.ActiveCfg = Debug|Any CPU
		{9072990A-0AD9-47F1-AC0B-9B9F7DFBEB7F}.Debug|Any CPU.Build.0 = Debug|Any CPU
		{9072990A-0AD9-47F1-AC0B-9B9F7DFBEB7F}.Release|Any CPU.ActiveCfg = Release|Any CPU
		{9072990A-0AD9-47F1-AC0B-9B9F7DFBEB7F}.Release|Any CPU.Build.0 = Release|Any CPU
	EndGlobalSection
	GlobalSection(SolutionProperties) = preSolution
		HideSolutionNode = FALSE
	EndGlobalSection
	GlobalSection(ExtensibilityGlobals) = postSolution
		SolutionGuid = {D30EAB3B-BC99-4F2E-B4E2-67C402E04B37}
	EndGlobalSection
EndGlobal
